
Microsoft Visual Studio Solution File, Format Version 12.00
# Visual Studio Version 17
VisualStudioVersion = 17.5.33424.131
MinimumVisualStudioVersion = 10.0.40219.1
Project("{9A19103F-16F7-4668-BE54-9A1E7A4F7556}") = "DynatestSourceGenerator", "DynatestSourceGenerator\DynatestSourceGenerator.csproj", "{8A940126-F168-4415-BC4A-48509883ED3E}"
EndProject
Project("{9A19103F-16F7-4668-BE54-9A1E7A4F7556}") = "Demo", "Demo\Demo.csproj", "{688A6E67-E02C-42C1-A30A-969B138E121A}"
EndProject
Project("{9A19103F-16F7-4668-BE54-9A1E7A4F7556}") = "DynatestSourceGenerator.Tests", "DynatestSourceGenerator.Tests\DynatestSourceGenerator.Tests.csproj", "{C362FC85-2D6C-403C-8BD6-6FE7847B58D3}"
EndProject
Project("{FAE04EC0-301F-11D3-BF4B-00C04F79EFBC}") = "DynatestSourceGenerator.Abstractions", "DynatestSourceGenerator.Abstractions\DynatestSourceGenerator.Abstractions.csproj", "{F6A7A625-68EE-40DC-91CC-EC49B74F1659}"
EndProject
Global
	GlobalSection(SolutionConfigurationPlatforms) = preSolution
		Debug|Any CPU = Debug|Any CPU
		Release|Any CPU = Release|Any CPU
	EndGlobalSection
	GlobalSection(ProjectConfigurationPlatforms) = postSolution
		{8A940126-F168-4415-BC4A-48509883ED3E}.Debug|Any CPU.ActiveCfg = Release|Any CPU
		{8A940126-F168-4415-BC4A-48509883ED3E}.Debug|Any CPU.Build.0 = Release|Any CPU
		{8A940126-F168-4415-BC4A-48509883ED3E}.Release|Any CPU.ActiveCfg = Release|Any CPU
		{8A940126-F168-4415-BC4A-48509883ED3E}.Release|Any CPU.Build.0 = Release|Any CPU
		{688A6E67-E02C-42C1-A30A-969B138E121A}.Debug|Any CPU.ActiveCfg = Release|Any CPU
		{688A6E67-E02C-42C1-A30A-969B138E121A}.Debug|Any CPU.Build.0 = Release|Any CPU
		{688A6E67-E02C-42C1-A30A-969B138E121A}.Release|Any CPU.ActiveCfg = Release|Any CPU
		{688A6E67-E02C-42C1-A30A-969B138E121A}.Release|Any CPU.Build.0 = Release|Any CPU
		{C362FC85-2D6C-403C-8BD6-6FE7847B58D3}.Debug|Any CPU.ActiveCfg = Release|Any CPU
		{C362FC85-2D6C-403C-8BD6-6FE7847B58D3}.Debug|Any CPU.Build.0 = Release|Any CPU
		{C362FC85-2D6C-403C-8BD6-6FE7847B58D3}.Release|Any CPU.ActiveCfg = Release|Any CPU
		{C362FC85-2D6C-403C-8BD6-6FE7847B58D3}.Release|Any CPU.Build.0 = Release|Any CPU
		{F6A7A625-68EE-40DC-91CC-EC49B74F1659}.Debug|Any CPU.ActiveCfg = Release|Any CPU
		{F6A7A625-68EE-40DC-91CC-EC49B74F1659}.Debug|Any CPU.Build.0 = Release|Any CPU
		{F6A7A625-68EE-40DC-91CC-EC49B74F1659}.Release|Any CPU.ActiveCfg = Release|Any CPU
		{F6A7A625-68EE-40DC-91CC-EC49B74F1659}.Release|Any CPU.Build.0 = Release|Any CPU
	EndGlobalSection
	GlobalSection(SolutionProperties) = preSolution
		HideSolutionNode = FALSE
	EndGlobalSection
	GlobalSection(ExtensibilityGlobals) = postSolution
		SolutionGuid = {417282CC-E036-496D-A3EF-511C8861D34E}
	EndGlobalSection
EndGlobal
